PODS:
  - Flutter (1.0.0)
  - google-cast-sdk (4.8.3):
    - Protobuf (~> 3.13)
  - impulse_player_flutter (0.3.2):
    - Flutter
    - impulse_player_ios
  - impulse_player_ios (0.2.0):
    - google-cast-sdk (>= 4.8.0)
  - integration_test (0.0.1):
    - Flutter
  - Protobuf (3.29.4)

DEPENDENCIES:
  - Flutter (from `Flutter`)
  - impulse_player_flutter (from `.symlinks/plugins/impulse_player_flutter/ios`)
  - impulse_player_ios (from `https://github.com/getimpulse/impulse_player_ios.git`)
  - integration_test (from `.symlinks/plugins/integration_test/ios`)

SPEC REPOS:
  trunk:
    - google-cast-sdk
    - Protobuf

EXTERNAL SOURCES:
  Flutter:
    :path: Flutter
  impulse_player_flutter:
    :path: ".symlinks/plugins/impulse_player_flutter/ios"
  impulse_player_ios:
    :git: https://github.com/getimpulse/impulse_player_ios.git
  integration_test:
    :path: ".symlinks/plugins/integration_test/ios"

CHECKOUT OPTIONS:
  impulse_player_ios:
    :commit: 5b9498c0c1fda51b37a8c117197c25348bcb1909
    :git: https://github.com/getimpulse/impulse_player_ios.git

SPEC CHECKSUMS:
  Flutter: e0871f40cf51350855a761d2e70bf5af5b9b5de7
  google-cast-sdk: 1fb6724e94cc5ff23b359176e0cf6360586bb97a
  impulse_player_flutter: 22c061ff85a633deb381055632a9ad4727aaa031
  impulse_player_ios: e39fba2cb06c95656ad835e3ba2f1870bfb047e3
  integration_test: 4a889634ef21a45d28d50d622cf412dc6d9f586e
  Protobuf: 2e6de032ba12b9efb390ae550d1a243a5b19ddfc

PODFILE CHECKSUM: e6abdb4470039957dd4542442fdabd6d8241a92f

COCOAPODS: 1.15.2
